<Solution>
  <Project Path="InventoryTracker.API/InventoryTracker.API.csproj" />
  <Project Path="InventoryTracker.Application/InventoryTracker.Application.csproj" />
  <Project Path="InventoryTracker.Contracts/InventoryTracker.Contracts.csproj" Id="79fe1455-123c-4694-aabf-1a978347a904" />
  <Project Path="InventoryTracker.Domain/InventoryTracker.Domain.csproj" />
  <Project Path="InventoryTracker.Infrastructure/InventoryTracker.Infrastructure.csproj" />
  <Project Path="InventoryTracker.Shared/InventoryTracker.Shared.csproj" Id="2dbb9fca-ee41-4768-8886-3dd473ca0b09" />
  <Project Path="InventoryTracker.WebAdmin/InventoryTracker.WebAdmin.csproj" Id="b05d6a04-afb9-48d7-b4c3-fd6356accbfa" />
</Solution>
